// !$*UTF8*$!
{
	archiveVersion = 1;
	classes = {
	};
	objectVersion = 50;
	objects = {

/* Begin PBXBuildFile section */
		94AB7954259478DD00D95AFD /* AppDelegate.swift in Sources */ = {isa = PBXBuildFile; fileRef = 94AB7953259478DD00D95AFD /* AppDelegate.swift */; };
		94AB7956259478DD00D95AFD /* SceneDelegate.swift in Sources */ = {isa = PBXBuildFile; fileRef = 94AB7955259478DD00D95AFD /* SceneDelegate.swift */; };
		94AB7958259478DD00D95AFD /* MainTabController.swift in Sources */ = {isa = PBXBuildFile; fileRef = 94AB7957259478DD00D95AFD /* MainTabController.swift */; };
		94AB795B259478DD00D95AFD /* Main.storyboard in Resources */ = {isa = PBXBuildFile; fileRef = 94AB7959259478DD00D95AFD /* Main.storyboard */; };
		94AB795D259478E600D95AFD /* Assets.xcassets in Resources */ = {isa = PBXBuildFile; fileRef = 94AB795C259478E600D95AFD /* Assets.xcassets */; };
		94AB7960259478E600D95AFD /* LaunchScreen.storyboard in Resources */ = {isa = PBXBuildFile; fileRef = 94AB795E259478E600D95AFD /* LaunchScreen.storyboard */; };
		94AB79772594ADE200D95AFD /* FeedController.swift in Sources */ = {isa = PBXBuildFile; fileRef = 94AB79762594ADE200D95AFD /* FeedController.swift */; };
		94AB797A2594AE2B00D95AFD /* ExploreController.swift in Sources */ = {isa = PBXBuildFile; fileRef = 94AB79792594AE2B00D95AFD /* ExploreController.swift */; };
		94AB797D2594AE3A00D95AFD /* NotificationController.swift in Sources */ = {isa = PBXBuildFile; fileRef = 94AB797C2594AE3A00D95AFD /* NotificationController.swift */; };
		94AB79802594AE4F00D95AFD /* ConversationController.swift in Sources */ = {isa = PBXBuildFile; fileRef = 94AB797F2594AE4F00D95AFD /* ConversationController.swift */; };
		94AB79842594C25000D95AFD /* Extensions.swift in Sources */ = {isa = PBXBuildFile; fileRef = 94AB79832594C25000D95AFD /* Extensions.swift */; };
/* End PBXBuildFile section */

/* Begin PBXFileReference section */
		94AB7950259478DD00D95AFD /* Twitter-Clone.app */ = {isa = PBXFileReference; explicitFileType = wrapper.application; includeInIndex = 0; path = "Twitter-Clone.app"; sourceTree = BUILT_PRODUCTS_DIR; };
		94AB7953259478DD00D95AFD /* AppDelegate.swift */ = {isa = PBXFileReference; lastKnownFileType = sourcecode.swift; path = AppDelegate.swift; sourceTree = "<group>"; };
		94AB7955259478DD00D95AFD /* SceneDelegate.swift */ = {isa = PBXFileReference; lastKnownFileType = sourcecode.swift; path = SceneDelegate.swift; sourceTree = "<group>"; };
		94AB7957259478DD00D95AFD /* MainTabController.swift */ = {isa = PBXFileReference; lastKnownFileType = sourcecode.swift; path = MainTabController.swift; sourceTree = "<group>"; };
		94AB795A259478DD00D95AFD /* Base */ = {isa = PBXFileReference; lastKnownFileType = file.storyboard; name = Base; path = Base.lproj/Main.storyboard; sourceTree = "<group>"; };
		94AB795C259478E600D95AFD /* Assets.xcassets */ = {isa = PBXFileReference; lastKnownFileType = folder.assetcatalog; path = Assets.xcassets; sourceTree = "<group>"; };
		94AB795F259478E600D95AFD /* Base */ = {isa = PBXFileReference; lastKnownFileType = file.storyboard; name = Base; path = Base.lproj/LaunchScreen.storyboard; sourceTree = "<group>"; };
		94AB7961259478E600D95AFD /* Info.plist */ = {isa = PBXFileReference; lastKnownFileType = text.plist.xml; path = Info.plist; sourceTree = "<group>"; };
		94AB79762594ADE200D95AFD /* FeedController.swift */ = {isa = PBXFileReference; lastKnownFileType = sourcecode.swift; path = FeedController.swift; sourceTree = "<group>"; };
		94AB79792594AE2B00D95AFD /* ExploreController.swift */ = {isa = PBXFileReference; lastKnownFileType = sourcecode.swift; path = ExploreController.swift; sourceTree = "<group>"; };
		94AB797C2594AE3A00D95AFD /* NotificationController.swift */ = {isa = PBXFileReference; lastKnownFileType = sourcecode.swift; path = NotificationController.swift; sourceTree = "<group>"; };
		94AB797F2594AE4F00D95AFD /* ConversationController.swift */ = {isa = PBXFileReference; lastKnownFileType = sourcecode.swift; path = ConversationController.swift; sourceTree = "<group>"; };
		94AB79832594C25000D95AFD /* Extensions.swift */ = {isa = PBXFileReference; fileEncoding = 4; lastKnownFileType = sourcecode.swift; path = Extensions.swift; sourceTree = "<group>"; };
/* End PBXFileReference section */

/* Begin PBXFrameworksBuildPhase section */
		94AB794D259478DD00D95AFD /* Frameworks */ = {
			isa = PBXFrameworksBuildPhase;
			buildActionMask = 2147483647;
			files = (
			);
			runOnlyForDeploymentPostprocessing = 0;
		};
/* End PBXFrameworksBuildPhase section */

/* Begin PBXGroup section */
		94AB7947259478DC00D95AFD = {
			isa = PBXGroup;
			children = (
				94AB7952259478DD00D95AFD /* Twitter-Clone */,
				94AB7951259478DD00D95AFD /* Products */,
			);
			sourceTree = "<group>";
		};
		94AB7951259478DD00D95AFD /* Products */ = {
			isa = PBXGroup;
			children = (
				94AB7950259478DD00D95AFD /* Twitter-Clone.app */,
			);
			name = Products;
			sourceTree = "<group>";
		};
		94AB7952259478DD00D95AFD /* Twitter-Clone */ = {
			isa = PBXGroup;
			children = (
				94AB796F2594819300D95AFD /* API */,
				94AB79722594819300D95AFD /* Model */,
				94AB79702594819300D95AFD /* Utils */,
				94AB796E2594819300D95AFD /* View */,
				94AB79712594819300D95AFD /* ViewController */,
				94AB79732594819300D95AFD /* ViewModel */,
				94AB7953259478DD00D95AFD /* AppDelegate.swift */,
				94AB7955259478DD00D95AFD /* SceneDelegate.swift */,
				94AB7959259478DD00D95AFD /* Main.storyboard */,
				94AB795C259478E600D95AFD /* Assets.xcassets */,
				94AB795E259478E600D95AFD /* LaunchScreen.storyboard */,
				94AB7961259478E600D95AFD /* Info.plist */,
			);
			path = "Twitter-Clone";
			sourceTree = "<group>";
		};
		94AB796E2594819300D95AFD /* View */ = {
			isa = PBXGroup;
			children = (
			);
			path = View;
			sourceTree = "<group>";
		};
		94AB796F2594819300D95AFD /* API */ = {
			isa = PBXGroup;
			children = (
			);
			path = API;
			sourceTree = "<group>";
		};
		94AB79702594819300D95AFD /* Utils */ = {
			isa = PBXGroup;
			children = (
				94AB79832594C25000D95AFD /* Extensions.swift */,
			);
			path = Utils;
			sourceTree = "<group>";
		};
		94AB79712594819300D95AFD /* ViewController */ = {
			isa = PBXGroup;
			children = (
				94AB7957259478DD00D95AFD /* MainTabController.swift */,
				94AB79762594ADE200D95AFD /* FeedController.swift */,
				94AB79792594AE2B00D95AFD /* ExploreController.swift */,
				94AB797C2594AE3A00D95AFD /* NotificationController.swift */,
				94AB797F2594AE4F00D95AFD /* ConversationController.swift */,
			);
			path = ViewController;
			sourceTree = "<group>";
		};
		94AB79722594819300D95AFD /* Model */ = {
			isa = PBXGroup;
			children = (
			);
			path = Model;
			sourceTree = "<group>";
		};
		94AB79732594819300D95AFD /* ViewModel */ = {
			isa = PBXGroup;
			children = (
			);
			path = ViewModel;
			sourceTree = "<group>";
		};
/* End PBXGroup section */

/* Begin PBXNativeTarget section */
		94AB794F259478DD00D95AFD /* Twitter-Clone */ = {
			isa = PBXNativeTarget;
			buildConfigurationList = 94AB7964259478E600D95AFD /* Build configuration list for PBXNativeTarget "Twitter-Clone" */;
			buildPhases = (
				94AB794C259478DD00D95AFD /* Sources */,
				94AB794D259478DD00D95AFD /* Frameworks */,
				94AB794E259478DD00D95AFD /* Resources */,
			);
			buildRules = (
			);
			dependencies = (
			);
			name = "Twitter-Clone";
			productName = "Twitter-Clone";
			productReference = 94AB7950259478DD00D95AFD /* Twitter-Clone.app */;
			productType = "com.apple.product-type.application";
		};
/* End PBXNativeTarget section */

/* Begin PBXProject section */
		94AB7948259478DC00D95AFD /* Project object */ = {
			isa = PBXProject;
			attributes = {
				LastSwiftUpdateCheck = 1220;
				LastUpgradeCheck = 1220;
				TargetAttributes = {
					94AB794F259478DD00D95AFD = {
						CreatedOnToolsVersion = 12.2;
					};
				};
			};
			buildConfigurationList = 94AB794B259478DC00D95AFD /* Build configuration list for PBXProject "Twitter-Clone" */;
			compatibilityVersion = "Xcode 9.3";
			developmentRegion = en;
			hasScannedForEncodings = 0;
			knownRegions = (
				en,
				Base,
			);
			mainGroup = 94AB7947259478DC00D95AFD;
			productRefGroup = 94AB7951259478DD00D95AFD /* Products */;
			projectDirPath = "";
			projectRoot = "";
			targets = (
				94AB794F259478DD00D95AFD /* Twitter-Clone */,
			);
		};
/* End PBXProject section */

/* Begin PBXResourcesBuildPhase section */
		94AB794E259478DD00D95AFD /* Resources */ = {
			isa = PBXResourcesBuildPhase;
			buildActionMask = 2147483647;
			files = (
				94AB7960259478E600D95AFD /* LaunchScreen.storyboard in Resources */,
				94AB795D259478E600D95AFD /* Assets.xcassets in Resources */,
				94AB795B259478DD00D95AFD /* Main.storyboard in Resources */,
			);
			runOnlyForDeploymentPostprocessing = 0;
		};
/* End PBXResourcesBuildPhase section */

/* Begin PBXSourcesBuildPhase section */
		94AB794C259478DD00D95AFD /* Sources */ = {
			isa = PBXSourcesBuildPhase;
			buildActionMask = 2147483647;
			files = (
				94AB797D2594AE3A00D95AFD /* NotificationController.swift in Sources */,
				94AB7958259478DD00D95AFD /* MainTabController.swift in Sources */,
				94AB797A2594AE2B00D95AFD /* ExploreController.swift in Sources */,
				94AB79842594C25000D95AFD /* Extensions.swift in Sources */,
				94AB7954259478DD00D95AFD /* AppDelegate.swift in Sources */,
				94AB7956259478DD00D95AFD /* SceneDelegate.swift in Sources */,
				94AB79802594AE4F00D95AFD /* ConversationController.swift in Sources */,
				94AB79772594ADE200D95AFD /* FeedController.swift in Sources */,
			);
			runOnlyForDeploymentPostprocessing = 0;
		};
/* End PBXSourcesBuildPhase section */

/* Begin PBXVariantGroup section */
		94AB7959259478DD00D95AFD /* Main.storyboard */ = {
			isa = PBXVariantGroup;
			children = (
				94AB795A259478DD00D95AFD /* Base */,
			);
			name = Main.storyboard;
			sourceTree = "<group>";
		};
		94AB795E259478E600D95AFD /* LaunchScreen.storyboard */ = {
			isa = PBXVariantGroup;
			children = (
				94AB795F259478E600D95AFD /* Base */,
			);
			name = LaunchScreen.storyboard;
			sourceTree = "<group>";
		};
/* End PBXVariantGroup section */

/* Begin XCBuildConfiguration section */
		94AB7962259478E600D95AFD /* Debug */ = {
			isa = XCBuildConfiguration;
			buildSettings = {
				ALWAYS_SEARCH_USER_PATHS = NO;
				CLANG_ANALYZER_NONNULL = YES;
				CLANG_ANALYZER_NUMBER_OBJECT_CONVERSION = YES_AGGRESSIVE;
				CLANG_CXX_LANGUAGE_STANDARD = "gnu++14";
				CLANG_CXX_LIBRARY = "libc++";
				CLANG_ENABLE_MODULES = YES;
				CLANG_ENABLE_OBJC_ARC = YES;
				CLANG_ENABLE_OBJC_WEAK = YES;
				CLANG_WARN_BLOCK_CAPTURE_AUTORELEASING = YES;
				CLANG_WARN_BOOL_CONVERSION = YES;
				CLANG_WARN_COMMA = YES;
				CLANG_WARN_CONSTANT_CONVERSION = YES;
				CLANG_WARN_DEPRECATED_OBJC_IMPLEMENTATIONS = YES;
				CLANG_WARN_DIRECT_OBJC_ISA_USAGE = YES_ERROR;
				CLANG_WARN_DOCUMENTATION_COMMENTS = YES;
				CLANG_WARN_EMPTY_BODY = YES;
				CLANG_WARN_ENUM_CONVERSION = YES;
				CLANG_WARN_INFINITE_RECURSION = YES;
				CLANG_WARN_INT_CONVERSION = YES;
				CLANG_WARN_NON_LITERAL_NULL_CONVERSION = YES;
				CLANG_WARN_OBJC_IMPLICIT_RETAIN_SELF = YES;
				CLANG_WARN_OBJC_LITERAL_CONVERSION = YES;
				CLANG_WARN_OBJC_ROOT_CLASS = YES_ERROR;
				CLANG_WARN_QUOTED_INCLUDE_IN_FRAMEWORK_HEADER = YES;
				CLANG_WARN_RANGE_LOOP_ANALYSIS = YES;
				CLANG_WARN_STRICT_PROTOTYPES = YES;
				CLANG_WARN_SUSPICIOUS_MOVE = YES;
				CLANG_WARN_UNGUARDED_AVAILABILITY = YES_AGGRESSIVE;
				CLANG_WARN_UNREACHABLE_CODE = YES;
				CLANG_WARN__DUPLICATE_METHOD_MATCH = YES;
				COPY_PHASE_STRIP = NO;
				DEBUG_INFORMATION_FORMAT = dwarf;
				ENABLE_STRICT_OBJC_MSGSEND = YES;
				ENABLE_TESTABILITY = YES;
				GCC_C_LANGUAGE_STANDARD = gnu11;
				GCC_DYNAMIC_NO_PIC = NO;
				GCC_NO_COMMON_BLOCKS = YES;
				GCC_OPTIMIZATION_LEVEL = 0;
				GCC_PREPROCESSOR_DEFINITIONS = (
					"DEBUG=1",
					"$(inherited)",
				);
				GCC_WARN_64_TO_32_BIT_CONVERSION = YES;
				GCC_WARN_ABOUT_RETURN_TYPE = YES_ERROR;
				GCC_WARN_UNDECLARED_SELECTOR = YES;
				GCC_WARN_UNINITIALIZED_AUTOS = YES_AGGRESSIVE;
				GCC_WARN_UNUSED_FUNCTION = YES;
				GCC_WARN_UNUSED_VARIABLE = YES;
				IPHONEOS_DEPLOYMENT_TARGET = 14.2;
				MTL_ENABLE_DEBUG_INFO = INCLUDE_SOURCE;
				MTL_FAST_MATH = YES;
				ONLY_ACTIVE_ARCH = YES;
				SDKROOT = iphoneos;
				SWIFT_ACTIVE_COMPILATION_CONDITIONS = DEBUG;
				SWIFT_OPTIMIZATION_LEVEL = "-Onone";
			};
			name = Debug;
		};
		94AB7963259478E600D95AFD /* Release */ = {
			isa = XCBuildConfiguration;
			buildSettings = {
				ALWAYS_SEARCH_USER_PATHS = NO;
				CLANG_ANALYZER_NONNULL = YES;
				CLANG_ANALYZER_NUMBER_OBJECT_CONVERSION = YES_AGGRESSIVE;
				CLANG_CXX_LANGUAGE_STANDARD = "gnu++14";
				CLANG_CXX_LIBRARY = "libc++";
				CLANG_ENABLE_MODULES = YES;
				CLANG_ENABLE_OBJC_ARC = YES;
				CLANG_ENABLE_OBJC_WEAK = YES;
				CLANG_WARN_BLOCK_CAPTURE_AUTORELEASING = YES;
				CLANG_WARN_BOOL_CONVERSION = YES;
				CLANG_WARN_COMMA = YES;
				CLANG_WARN_CONSTANT_CONVERSION = YES;
				CLANG_WARN_DEPRECATED_OBJC_IMPLEMENTATIONS = YES;
				CLANG_WARN_DIRECT_OBJC_ISA_USAGE = YES_ERROR;
				CLANG_WARN_DOCUMENTATION_COMMENTS = YES;
				CLANG_WARN_EMPTY_BODY = YES;
				CLANG_WARN_ENUM_CONVERSION = YES;
				CLANG_WARN_INFINITE_RECURSION = YES;
				CLANG_WARN_INT_CONVERSION = YES;
				CLANG_WARN_NON_LITERAL_NULL_CONVERSION = YES;
				CLANG_WARN_OBJC_IMPLICIT_RETAIN_SELF = YES;
				CLANG_WARN_OBJC_LITERAL_CONVERSION = YES;
				CLANG_WARN_OBJC_ROOT_CLASS = YES_ERROR;
				CLANG_WARN_QUOTED_INCLUDE_IN_FRAMEWORK_HEADER = YES;
				CLANG_WARN_RANGE_LOOP_ANALYSIS = YES;
				CLANG_WARN_STRICT_PROTOTYPES = YES;
				CLANG_WARN_SUSPICIOUS_MOVE = YES;
				CLANG_WARN_UNGUARDED_AVAILABILITY = YES_AGGRESSIVE;
				CLANG_WARN_UNREACHABLE_CODE = YES;
				CLANG_WARN__DUPLICATE_METHOD_MATCH = YES;
				COPY_PHASE_STRIP = NO;
				DEBUG_INFORMATION_FORMAT = "dwarf-with-dsym";
				ENABLE_NS_ASSERTIONS = NO;
				ENABLE_STRICT_OBJC_MSGSEND = YES;
				GCC_C_LANGUAGE_STANDARD = gnu11;
				GCC_NO_COMMON_BLOCKS = YES;
				GCC_WARN_64_TO_32_BIT_CONVERSION = YES;
				GCC_WARN_ABOUT_RETURN_TYPE = YES_ERROR;
				GCC_WARN_UNDECLARED_SELECTOR = YES;
				GCC_WARN_UNINITIALIZED_AUTOS = YES_AGGRESSIVE;
				GCC_WARN_UNUSED_FUNCTION = YES;
				GCC_WARN_UNUSED_VARIABLE = YES;
				IPHONEOS_DEPLOYMENT_TARGET = 14.2;
				MTL_ENABLE_DEBUG_INFO = NO;
				MTL_FAST_MATH = YES;
				SDKROOT = iphoneos;
				SWIFT_COMPILATION_MODE = wholemodule;
				SWIFT_OPTIMIZATION_LEVEL = "-O";
				VALIDATE_PRODUCT = YES;
			};
			name = Release;
		};
		94AB7965259478E600D95AFD /* Debug */ = {
			isa = XCBuildConfiguration;
			buildSettings = {
				ASSETCATALOG_COMPILER_APPICON_NAME = AppIcon;
				ASSETCATALOG_COMPILER_GLOBAL_ACCENT_COLOR_NAME = AccentColor;
				CODE_SIGN_STYLE = Automatic;
				DEVELOPMENT_TEAM = L54DZDP7Z3;
				INFOPLIST_FILE = "Twitter-Clone/Info.plist";
				LD_RUNPATH_SEARCH_PATHS = (
					"$(inherited)",
					"@executable_path/Frameworks",
				);
				PRODUCT_BUNDLE_IDENTIFIER = "com.indian.Twitter-Clone";
				PRODUCT_NAME = "$(TARGET_NAME)";
				SWIFT_VERSION = 5.0;
				TARGETED_DEVICE_FAMILY = "1,2";
			};
			name = Debug;
		};
		94AB7966259478E600D95AFD /* Release */ = {
			isa = XCBuildConfiguration;
			buildSettings = {
				ASSETCATALOG_COMPILER_APPICON_NAME = AppIcon;
				ASSETCATALOG_COMPILER_GLOBAL_ACCENT_COLOR_NAME = AccentColor;
				CODE_SIGN_STYLE = Automatic;
				DEVELOPMENT_TEAM = L54DZDP7Z3;
				INFOPLIST_FILE = "Twitter-Clone/Info.plist";
				LD_RUNPATH_SEARCH_PATHS = (
					"$(inherited)",
					"@executable_path/Frameworks",
				);
				PRODUCT_BUNDLE_IDENTIFIER = "com.indian.Twitter-Clone";
				PRODUCT_NAME = "$(TARGET_NAME)";
				SWIFT_VERSION = 5.0;
				TARGETED_DEVICE_FAMILY = "1,2";
			};
			name = Release;
		};
/* End XCBuildConfiguration section */

/* Begin XCConfigurationList section */
		94AB794B259478DC00D95AFD /* Build configuration list for PBXProject "Twitter-Clone" */ = {
			isa = XCConfigurationList;
			buildConfigurations = (
				94AB7962259478E600D95AFD /* Debug */,
				94AB7963259478E600D95AFD /* Release */,
			);
			defaultConfigurationIsVisible = 0;
			defaultConfigurationName = Release;
		};
		94AB7964259478E600D95AFD /* Build configuration list for PBXNativeTarget "Twitter-Clone" */ = {
			isa = XCConfigurationList;
			buildConfigurations = (
				94AB7965259478E600D95AFD /* Debug */,
				94AB7966259478E600D95AFD /* Release */,
			);
			defaultConfigurationIsVisible = 0;
			defaultConfigurationName = Release;
		};
/* End XCConfigurationList section */
	};
	rootObject = 94AB7948259478DC00D95AFD /* Project object */;
}
